
Microsoft Visual Studio Solution File, Format Version 12.00
# Visual Studio Version 16
VisualStudioVersion = 16.0.31025.194
MinimumVisualStudioVersion = 10.0.40219.1
Project("{FAE04EC0-301F-11D3-BF4B-00C04F79EFBC}") = "HotChoco.ArgumentValidator", "HotChoco.ArgumentValidator.csproj", "{1FEF698E-90C8-430E-A788-7BB2BAB370CB}"
EndProject
Global
	GlobalSection(SolutionConfigurationPlatforms) = preSolution
		Debug|Any CPU = Debug|Any CPU
		Release|Any CPU = Release|Any CPU
	EndGlobalSection
	GlobalSection(ProjectConfigurationPlatforms) = postSolution
		{1FEF698E-90C8-430E-A788-7BB2BAB370CB}.Debug|Any CPU.ActiveCfg = Debug|Any CPU
		{1FEF698E-90C8-430E-A788-7BB2BAB370CB}.Debug|Any CPU.Build.0 = Debug|Any CPU
		{1FEF698E-90C8-430E-A788-7BB2BAB370CB}.Release|Any CPU.ActiveCfg = Release|Any CPU
		{1FEF698E-90C8-430E-A788-7BB2BAB370CB}.Release|Any CPU.Build.0 = Release|Any CPU
	EndGlobalSection
	GlobalSection(SolutionProperties) = preSolution
		HideSolutionNode = FALSE
	EndGlobalSection
	GlobalSection(ExtensibilityGlobals) = postSolution
		SolutionGuid = {A85CCCBA-8179-4BF6-8410-CD4E305E5BF8}
	EndGlobalSection
EndGlobal
